
Microsoft Visual Studio Solution File, Format Version 12.00
# Visual Studio Version 16
VisualStudioVersion = 16.0.31910.168
MinimumVisualStudioVersion = 10.0.40219.1
Project("{FAE04EC0-301F-11D3-BF4B-00C04F79EFBC}") = "Sc.Edu.Web", "Sc.Edu.Web\Sc.Edu.Web.csproj", "{76A3F250-F422-4BA7-9507-F98A903D4869}"
EndProject
Project("{CAA73BB0-EF22-4D79-A57E-DF67B3BA9C80}") = "TDS.Core", "TDS.Core\TDS.Core.scproj", "{8EE67616-09BF-4B7F-AFA2-2A0505497F43}"
EndProject
Project("{CAA73BB0-EF22-4D79-A57E-DF67B3BA9C80}") = "TDS.Master", "TDS.Master\TDS.Master.scproj", "{1023C604-5E0F-4F09-AFCB-A406912DCEBB}"
EndProject
Project("{2150E333-8FDC-42A3-9474-1A3956D46DE8}") = ".tds", ".tds", "{A97599CF-FC73-4DC4-8D0D-21664045D941}"
	ProjectSection(SolutionItems) = preProject
		TdsGlobal.config = TdsGlobal.config
		TdsGlobal.config.user = TdsGlobal.config.user
	EndProjectSection
EndProject
Global
	GlobalSection(SolutionConfigurationPlatforms) = preSolution
		Debug|Any CPU = Debug|Any CPU
		Release|Any CPU = Release|Any CPU
	EndGlobalSection
	GlobalSection(ProjectConfigurationPlatforms) = postSolution
		{76A3F250-F422-4BA7-9507-F98A903D4869}.Debug|Any CPU.ActiveCfg = Debug|Any CPU
		{76A3F250-F422-4BA7-9507-F98A903D4869}.Debug|Any CPU.Build.0 = Debug|Any CPU
		{76A3F250-F422-4BA7-9507-F98A903D4869}.Release|Any CPU.ActiveCfg = Release|Any CPU
		{76A3F250-F422-4BA7-9507-F98A903D4869}.Release|Any CPU.Build.0 = Release|Any CPU
		{8EE67616-09BF-4B7F-AFA2-2A0505497F43}.Debug|Any CPU.ActiveCfg = Debug|Any CPU
		{8EE67616-09BF-4B7F-AFA2-2A0505497F43}.Debug|Any CPU.Build.0 = Debug|Any CPU
		{8EE67616-09BF-4B7F-AFA2-2A0505497F43}.Debug|Any CPU.Deploy.0 = Debug|Any CPU
		{8EE67616-09BF-4B7F-AFA2-2A0505497F43}.Release|Any CPU.ActiveCfg = Release|Any CPU
		{8EE67616-09BF-4B7F-AFA2-2A0505497F43}.Release|Any CPU.Build.0 = Release|Any CPU
		{8EE67616-09BF-4B7F-AFA2-2A0505497F43}.Release|Any CPU.Deploy.0 = Release|Any CPU
		{1023C604-5E0F-4F09-AFCB-A406912DCEBB}.Debug|Any CPU.ActiveCfg = Debug|Any CPU
		{1023C604-5E0F-4F09-AFCB-A406912DCEBB}.Debug|Any CPU.Build.0 = Debug|Any CPU
		{1023C604-5E0F-4F09-AFCB-A406912DCEBB}.Debug|Any CPU.Deploy.0 = Debug|Any CPU
		{1023C604-5E0F-4F09-AFCB-A406912DCEBB}.Release|Any CPU.ActiveCfg = Release|Any CPU
		{1023C604-5E0F-4F09-AFCB-A406912DCEBB}.Release|Any CPU.Build.0 = Release|Any CPU
		{1023C604-5E0F-4F09-AFCB-A406912DCEBB}.Release|Any CPU.Deploy.0 = Release|Any CPU
	EndGlobalSection
	GlobalSection(SolutionProperties) = preSolution
		HideSolutionNode = FALSE
	EndGlobalSection
	GlobalSection(ExtensibilityGlobals) = postSolution
		SolutionGuid = {89987033-22F3-4C29-9B59-A5C6DAD77D75}
	EndGlobalSection
EndGlobal
